Microsoft Visual Studio Solution File, Format Version 12.00
# Visual Studio Version 17
VisualStudioVersion = 17.0.31903.59
MinimumVisualStudioVersion = 10.0.40219.1
Project("{FAE04EC0-301F-11D3-BF4B-00C04F79EFBC}") = "Orderly.Core", "src\Orderly.Core\Orderly.Core.csproj", "{8F8D2C52-622B-45F6-A8F8-28DCE7C7705E}"
EndProject
Project("{FAE04EC0-301F-11D3-BF4B-00C04F79EFBC}") = "Orderly.Data", "src\Orderly.Data\Orderly.Data.csproj", "{3A3E0B1A-A287-408F-B489-5201D9C3A07A}"
EndProject
Project("{FAE04EC0-301F-11D3-BF4B-00C04F79EFBC}") = "Orderly.Infrastructure", "src\Orderly.Infrastructure\Orderly.Infrastructure.csproj", "{C3A462C6-D6F2-41DC-83D3-A998F50E40CC}"
EndProject
Project("{FAE04EC0-301F-11D3-BF4B-00C04F79EFBC}") = "Orderly.App", "src\Orderly.App\Orderly.App.csproj", "{85C5744F-46B7-4DAB-A917-DF515F6F633E}"
EndProject
Project("{FAE04EC0-301F-11D3-BF4B-00C04F79EFBC}") = "Orderly.Tests", "tests\Orderly.Tests\Orderly.Tests.csproj", "{5F1757BF-9E6B-45FA-B4B9-A752E4C140EA}"
EndProject
Project("{FAE04EC0-301F-11D3-BF4B-00C04F79EFBC}") = "Orderly.Contracts", "src\Orderly.Contracts\Orderly.Contracts.csproj", "{CA2328C4-53AB-438A-BAFD-057F42105AF2}"
EndProject
Project("{FAE04EC0-301F-11D3-BF4B-00C04F79EFBC}") = "Orderly.Server", "src\Orderly.Server\Orderly.Server.csproj", "{0BAAFA1F-E395-42A0-B0F0-DA23707A06CB}"
EndProject
Project("{FAE04EC0-301F-11D3-BF4B-00C04F79EFBC}") = "Orderly.Remote", "src\Orderly.Remote\Orderly.Remote.csproj", "{A6C87802-ED74-4056-862F-4AB3EDAC5BB2}"
EndProject
Global
	GlobalSection(SolutionConfigurationPlatforms) = preSolution
		Debug|Any CPU = Debug|Any CPU
		Release|Any CPU = Release|Any CPU
	EndGlobalSection
	GlobalSection(ProjectConfigurationPlatforms) = postSolution
		{8F8D2C52-622B-45F6-A8F8-28DCE7C7705E}.Debug|Any CPU.ActiveCfg = Debug|Any CPU
		{8F8D2C52-622B-45F6-A8F8-28DCE7C7705E}.Debug|Any CPU.Build.0 = Debug|Any CPU
		{8F8D2C52-622B-45F6-A8F8-28DCE7C7705E}.Release|Any CPU.ActiveCfg = Release|Any CPU
		{8F8D2C52-622B-45F6-A8F8-28DCE7C7705E}.Release|Any CPU.Build.0 = Release|Any CPU
		{3A3E0B1A-A287-408F-B489-5201D9C3A07A}.Debug|Any CPU.ActiveCfg = Debug|Any CPU
		{3A3E0B1A-A287-408F-B489-5201D9C3A07A}.Debug|Any CPU.Build.0 = Debug|Any CPU
		{3A3E0B1A-A287-408F-B489-5201D9C3A07A}.Release|Any CPU.ActiveCfg = Release|Any CPU
		{3A3E0B1A-A287-408F-B489-5201D9C3A07A}.Release|Any CPU.Build.0 = Release|Any CPU
		{C3A462C6-D6F2-41DC-83D3-A998F50E40CC}.Debug|Any CPU.ActiveCfg = Debug|Any CPU
		{C3A462C6-D6F2-41DC-83D3-A998F50E40CC}.Debug|Any CPU.Build.0 = Debug|Any CPU
		{C3A462C6-D6F2-41DC-83D3-A998F50E40CC}.Release|Any CPU.ActiveCfg = Release|Any CPU
		{C3A462C6-D6F2-41DC-83D3-A998F50E40CC}.Release|Any CPU.Build.0 = Release|Any CPU
		{85C5744F-46B7-4DAB-A917-DF515F6F633E}.Debug|Any CPU.ActiveCfg = Debug|Any CPU
		{85C5744F-46B7-4DAB-A917-DF515F6F633E}.Debug|Any CPU.Build.0 = Debug|Any CPU
		{85C5744F-46B7-4DAB-A917-DF515F6F633E}.Release|Any CPU.ActiveCfg = Release|Any CPU
		{85C5744F-46B7-4DAB-A917-DF515F6F633E}.Release|Any CPU.Build.0 = Release|Any CPU
		{5F1757BF-9E6B-45FA-B4B9-A752E4C140EA}.Debug|Any CPU.ActiveCfg = Debug|Any CPU
		{5F1757BF-9E6B-45FA-B4B9-A752E4C140EA}.Debug|Any CPU.Build.0 = Debug|Any CPU
		{5F1757BF-9E6B-45FA-B4B9-A752E4C140EA}.Release|Any CPU.ActiveCfg = Release|Any CPU
		{5F1757BF-9E6B-45FA-B4B9-A752E4C140EA}.Release|Any CPU.Build.0 = Release|Any CPU
		{CA2328C4-53AB-438A-BAFD-057F42105AF2}.Debug|Any CPU.ActiveCfg = Debug|Any CPU
		{CA2328C4-53AB-438A-BAFD-057F42105AF2}.Debug|Any CPU.Build.0 = Debug|Any CPU
		{CA2328C4-53AB-438A-BAFD-057F42105AF2}.Release|Any CPU.ActiveCfg = Release|Any CPU
		{CA2328C4-53AB-438A-BAFD-057F42105AF2}.Release|Any CPU.Build.0 = Release|Any CPU
		{0BAAFA1F-E395-42A0-B0F0-DA23707A06CB}.Debug|Any CPU.ActiveCfg = Debug|Any CPU
		{0BAAFA1F-E395-42A0-B0F0-DA23707A06CB}.Debug|Any CPU.Build.0 = Debug|Any CPU
		{0BAAFA1F-E395-42A0-B0F0-DA23707A06CB}.Release|Any CPU.ActiveCfg = Release|Any CPU
		{0BAAFA1F-E395-42A0-B0F0-DA23707A06CB}.Release|Any CPU.Build.0 = Release|Any CPU
		{A6C87802-ED74-4056-862F-4AB3EDAC5BB2}.Debug|Any CPU.ActiveCfg = Debug|Any CPU
		{A6C87802-ED74-4056-862F-4AB3EDAC5BB2}.Debug|Any CPU.Build.0 = Debug|Any CPU
		{A6C87802-ED74-4056-862F-4AB3EDAC5BB2}.Release|Any CPU.ActiveCfg = Release|Any CPU
		{A6C87802-ED74-4056-862F-4AB3EDAC5BB2}.Release|Any CPU.Build.0 = Release|Any CPU
	EndGlobalSection
	GlobalSection(SolutionProperties) = preSolution
		HideSolutionNode = FALSE
	EndGlobalSection
EndGlobal
